
Microsoft Visual Studio Solution File, Format Version 12.00
# Visual Studio Version 16
VisualStudioVersion = 16.0.30621.155
MinimumVisualStudioVersion = 10.0.40219.1
Project("{9A19103F-16F7-4668-BE54-9A1E7A4F7556}") = "ML5.Blazor", "ML5.Blazor\ML5.Blazor.csproj", "{A033988A-6B0F-4D37-9C72-8CF08CDFDBDE}"
EndProject
Project("{9A19103F-16F7-4668-BE54-9A1E7A4F7556}") = "ML5.Blazor.Samples", "ML5.Blazor.Samples\ML5.Blazor.Samples.csproj", "{436F409D-5B64-46FA-8B4B-4222F24F8283}"
EndProject
Global
	GlobalSection(SolutionConfigurationPlatforms) = preSolution
		Debug|Any CPU = Debug|Any CPU
		Release|Any CPU = Release|Any CPU
	EndGlobalSection
	GlobalSection(ProjectConfigurationPlatforms) = postSolution
		{A033988A-6B0F-4D37-9C72-8CF08CDFDBDE}.Debug|Any CPU.ActiveCfg = Debug|Any CPU
		{A033988A-6B0F-4D37-9C72-8CF08CDFDBDE}.Debug|Any CPU.Build.0 = Debug|Any CPU
		{A033988A-6B0F-4D37-9C72-8CF08CDFDBDE}.Release|Any CPU.ActiveCfg = Release|Any CPU
		{A033988A-6B0F-4D37-9C72-8CF08CDFDBDE}.Release|Any CPU.Build.0 = Release|Any CPU
		{436F409D-5B64-46FA-8B4B-4222F24F8283}.Debug|Any CPU.ActiveCfg = Debug|Any CPU
		{436F409D-5B64-46FA-8B4B-4222F24F8283}.Debug|Any CPU.Build.0 = Debug|Any CPU
		{436F409D-5B64-46FA-8B4B-4222F24F8283}.Release|Any CPU.ActiveCfg = Release|Any CPU
		{436F409D-5B64-46FA-8B4B-4222F24F8283}.Release|Any CPU.Build.0 = Release|Any CPU
	EndGlobalSection
	GlobalSection(SolutionProperties) = preSolution
		HideSolutionNode = FALSE
	EndGlobalSection
	GlobalSection(ExtensibilityGlobals) = postSolution
		SolutionGuid = {94F2CBC0-1257-43E1-A9E5-279457A40FD6}
	EndGlobalSection
EndGlobal
